
Microsoft Visual Studio Solution File, Format Version 12.00
# Visual Studio 15
Project("{FAE04EC0-301F-11D3-BF4B-00C04F79EFBC}") = "Assembly-CSharp", "Assembly-CSharp.csproj", "{E0394319-441B-68F8-14D6-0456D9730737}"
EndProject
Project("{FAE04EC0-301F-11D3-BF4B-00C04F79EFBC}") = "Assembly-CSharp-firstpass", "Assembly-CSharp-firstpass.csproj", "{1C1D5F72-F34F-036A-CA50-814EFB476F4E}"
EndProject
Project("{FAE04EC0-301F-11D3-BF4B-00C04F79EFBC}") = "Assembly-CSharp-Editor-firstpass", "Assembly-CSharp-Editor-firstpass.csproj", "{1861FBE1-5F7F-6DD2-5958-85F5C8991799}"
EndProject
Global
	GlobalSection(SolutionConfigurationPlatforms) = preSolution
		Debug|Any CPU = Debug|Any CPU
		Release|Any CPU = Release|Any CPU
	EndGlobalSection
	GlobalSection(ProjectConfigurationPlatforms) = postSolution
		{E0394319-441B-68F8-14D6-0456D9730737}.Debug|Any CPU.ActiveCfg = Debug|Any CPU
		{E0394319-441B-68F8-14D6-0456D9730737}.Debug|Any CPU.Build.0 = Debug|Any CPU
		{E0394319-441B-68F8-14D6-0456D9730737}.Release|Any CPU.ActiveCfg = Release|Any CPU
		{E0394319-441B-68F8-14D6-0456D9730737}.Release|Any CPU.Build.0 = Release|Any CPU
		{1C1D5F72-F34F-036A-CA50-814EFB476F4E}.Debug|Any CPU.ActiveCfg = Debug|Any CPU
		{1C1D5F72-F34F-036A-CA50-814EFB476F4E}.Debug|Any CPU.Build.0 = Debug|Any CPU
		{1C1D5F72-F34F-036A-CA50-814EFB476F4E}.Release|Any CPU.ActiveCfg = Release|Any CPU
		{1C1D5F72-F34F-036A-CA50-814EFB476F4E}.Release|Any CPU.Build.0 = Release|Any CPU
		{1861FBE1-5F7F-6DD2-5958-85F5C8991799}.Debug|Any CPU.ActiveCfg = Debug|Any CPU
		{1861FBE1-5F7F-6DD2-5958-85F5C8991799}.Debug|Any CPU.Build.0 = Debug|Any CPU
		{1861FBE1-5F7F-6DD2-5958-85F5C8991799}.Release|Any CPU.ActiveCfg = Release|Any CPU
		{1861FBE1-5F7F-6DD2-5958-85F5C8991799}.Release|Any CPU.Build.0 = Release|Any CPU
	EndGlobalSection
	GlobalSection(SolutionProperties) = preSolution
		HideSolutionNode = FALSE
	EndGlobalSection
EndGlobal
